
Microsoft Visual Studio Solution File, Format Version 12.00
# Visual Studio Version 17
VisualStudioVersion = 17.10.35013.160
MinimumVisualStudioVersion = 10.0.40219.1
Project("{FAE04EC0-301F-11D3-BF4B-00C04F79EFBC}") = "StudentRegistration.Web", "StudentRegistration.Web\StudentRegistration.Web.csproj", "{7249DF6E-8171-474E-B2F1-005BA094B88A}"
EndProject
Global
	GlobalSection(SolutionConfigurationPlatforms) = preSolution
		Debug|Any CPU = Debug|Any CPU
		Release|Any CPU = Release|Any CPU
	EndGlobalSection
	GlobalSection(ProjectConfigurationPlatforms) = postSolution
		{7249DF6E-8171-474E-B2F1-005BA094B88A}.Debug|Any CPU.ActiveCfg = Debug|Any CPU
		{7249DF6E-8171-474E-B2F1-005BA094B88A}.Debug|Any CPU.Build.0 = Debug|Any CPU
		{7249DF6E-8171-474E-B2F1-005BA094B88A}.Release|Any CPU.ActiveCfg = Release|Any CPU
		{7249DF6E-8171-474E-B2F1-005BA094B88A}.Release|Any CPU.Build.0 = Release|Any CPU
	EndGlobalSection
	GlobalSection(SolutionProperties) = preSolution
		HideSolutionNode = FALSE
	EndGlobalSection
	GlobalSection(ExtensibilityGlobals) = postSolution
		SolutionGuid = {515FE575-5E51-4B7A-AACB-97043D7A9070}
	EndGlobalSection
EndGlobal
